
Microsoft Visual Studio Solution File, Format Version 12.00
# Visual Studio Version 17
VisualStudioVersion = 17.7.34031.279
MinimumVisualStudioVersion = 10.0.40219.1
Project("{9A19103F-16F7-4668-BE54-9A1E7A4F7556}") = "ShortenerUrl", "ShortenerUrl\ShortenerUrl.csproj", "{ACBD7E18-5C7B-4874-ACF2-E39715E9C159}"
EndProject
Project("{FAE04EC0-301F-11D3-BF4B-00C04F79EFBC}") = "ShortenerUrl.DAL", "ShortenerUrl.DAL\ShortenerUrl.DAL.csproj", "{268A030E-158C-420B-AE02-979DE82448DE}"
EndProject
Project("{FAE04EC0-301F-11D3-BF4B-00C04F79EFBC}") = "ShortenerUrl.BLL", "ShortenerUrl.BLL\ShortenerUrl.BLL.csproj", "{D401EBCD-137C-42F0-9666-DD40E7D62E59}"
EndProject
Global
	GlobalSection(SolutionConfigurationPlatforms) = preSolution
		Debug|Any CPU = Debug|Any CPU
		Release|Any CPU = Release|Any CPU
	EndGlobalSection
	GlobalSection(ProjectConfigurationPlatforms) = postSolution
		{ACBD7E18-5C7B-4874-ACF2-E39715E9C159}.Debug|Any CPU.ActiveCfg = Debug|Any CPU
		{ACBD7E18-5C7B-4874-ACF2-E39715E9C159}.Debug|Any CPU.Build.0 = Debug|Any CPU
		{ACBD7E18-5C7B-4874-ACF2-E39715E9C159}.Release|Any CPU.ActiveCfg = Release|Any CPU
		{ACBD7E18-5C7B-4874-ACF2-E39715E9C159}.Release|Any CPU.Build.0 = Release|Any CPU
		{268A030E-158C-420B-AE02-979DE82448DE}.Debug|Any CPU.ActiveCfg = Debug|Any CPU
		{268A030E-158C-420B-AE02-979DE82448DE}.Debug|Any CPU.Build.0 = Debug|Any CPU
		{268A030E-158C-420B-AE02-979DE82448DE}.Release|Any CPU.ActiveCfg = Release|Any CPU
		{268A030E-158C-420B-AE02-979DE82448DE}.Release|Any CPU.Build.0 = Release|Any CPU
		{D401EBCD-137C-42F0-9666-DD40E7D62E59}.Debug|Any CPU.ActiveCfg = Debug|Any CPU
		{D401EBCD-137C-42F0-9666-DD40E7D62E59}.Debug|Any CPU.Build.0 = Debug|Any CPU
		{D401EBCD-137C-42F0-9666-DD40E7D62E59}.Release|Any CPU.ActiveCfg = Release|Any CPU
		{D401EBCD-137C-42F0-9666-DD40E7D62E59}.Release|Any CPU.Build.0 = Release|Any CPU
	EndGlobalSection
	GlobalSection(SolutionProperties) = preSolution
		HideSolutionNode = FALSE
	EndGlobalSection
	GlobalSection(ExtensibilityGlobals) = postSolution
		SolutionGuid = {CCE6BD67-E9B7-446E-90A8-456210FA1F62}
	EndGlobalSection
EndGlobal
